
Microsoft Visual Studio Solution File, Format Version 12.00
# Visual Studio 15
VisualStudioVersion = 15.0.28307.271
MinimumVisualStudioVersion = 10.0.40219.1
Project("{FAE04EC0-301F-11D3-BF4B-00C04F79EFBC}") = "Database", "Database\Database.csproj", "{29FB04EA-0D16-4AA3-8D12-F2F6DE736A4D}"
EndProject
Global
	GlobalSection(SolutionConfigurationPlatforms) = preSolution
		Debug|Any CPU = Debug|Any CPU
		Release|Any CPU = Release|Any CPU
	EndGlobalSection
	GlobalSection(ProjectConfigurationPlatforms) = postSolution
		{29FB04EA-0D16-4AA3-8D12-F2F6DE736A4D}.Debug|Any CPU.ActiveCfg = Debug|Any CPU
		{29FB04EA-0D16-4AA3-8D12-F2F6DE736A4D}.Debug|Any CPU.Build.0 = Debug|Any CPU
		{29FB04EA-0D16-4AA3-8D12-F2F6DE736A4D}.Release|Any CPU.ActiveCfg = Release|Any CPU
		{29FB04EA-0D16-4AA3-8D12-F2F6DE736A4D}.Release|Any CPU.Build.0 = Release|Any CPU
	EndGlobalSection
	GlobalSection(SolutionProperties) = preSolution
		HideSolutionNode = FALSE
	EndGlobalSection
	GlobalSection(ExtensibilityGlobals) = postSolution
		SolutionGuid = {57AA2F3D-FEFE-42D8-9C37-347291333487}
	EndGlobalSection
EndGlobal
